{
    "version": 3,
    "terraform_version": "0.11.5",
    "serial": 3,
    "lineage": "c631d29a-da42-2eca-e08c-1a406e24f458",
    "modules": [
        {
            "path": [
                "root"
            ],
            "outputs": {},
            "resources": {},
            "depends_on": []
        },
        {
            "path": [
                "root",
                "cloud_watch_alarm"
            ],
            "outputs": {},
            "resources": {
                "aws_cloudwatch_metric_alarm.cloud_watch_alarm": {
                    "type": "aws_cloudwatch_metric_alarm",
                    "depends_on": [],
                    "primary": {
                        "id": "terraform-alarm-loadbalancer-rs256x",
                        "attributes": {
                            "actions_enabled": "true",
                            "alarm_actions.#": "1",
                            "alarm_actions.727073638": "arn:aws:sns:us-east-1:081417463982:test-ritika-alarm",
                            "alarm_description": "Test Cloud Watch Alarm for load_balancer",
                            "alarm_name": "terraform-alarm-loadbalancer-rs256x",
                            "comparison_operator": "LessThanThreshold",
                            "datapoints_to_alarm": "1",
                            "dimensions.%": "2",
                            "dimensions.LoadBalancer": "net/RDGW-Entry-SingleAZ/94d2effc0300c549",
                            "dimensions.TargetGroup": "targetgroup/RDPgatewayLoadBalancedTargets/2fc5daaa831b1866",
                            "evaluate_low_sample_count_percentiles": "",
                            "evaluation_periods": "1",
                            "extended_statistic": "",
                            "id": "terraform-alarm-loadbalancer-rs256x",
                            "insufficient_data_actions.#": "0",
                            "metric_name": "HealthyHostCount",
                            "namespace": "AWS/NetworkELB",
                            "ok_actions.#": "0",
                            "period": "300",
                            "statistic": "Average",
                            "threshold": "1",
                            "treat_missing_data": "missing",
                            "unit": ""
                        },
                        "meta": {
                            "schema_version": "1"
                        },
                        "tainted": false
                    },
                    "deposed": [],
                    "provider": "provider.aws"
                }
            },
            "depends_on": []
        }
    ]
}
